
Microsoft Visual Studio Solution File, Format Version 12.00
# Visual Studio Version 17
VisualStudioVersion = 17.0.31912.275
MinimumVisualStudioVersion = 10.0.40219.1
Project("{FAE04EC0-301F-11D3-BF4B-00C04F79EFBC}") = "PromotionEngine.Test", "PromotionEngine.Test\PromotionEngine.Test.csproj", "{1618A0F3-6235-4F3B-BDE6-E8BACA9C1C00}"
EndProject
Project("{FAE04EC0-301F-11D3-BF4B-00C04F79EFBC}") = "PromotionEngine", "PromotionEngine\PromotionEngine.csproj", "{F0B7B175-9DFA-4CF0-BCA7-900A439A3DF5}"
EndProject
Global
	GlobalSection(SolutionConfigurationPlatforms) = preSolution
		Debug|Any CPU = Debug|Any CPU
		Release|Any CPU = Release|Any CPU
	EndGlobalSection
	GlobalSection(ProjectConfigurationPlatforms) = postSolution
		{1618A0F3-6235-4F3B-BDE6-E8BACA9C1C00}.Debug|Any CPU.ActiveCfg = Debug|Any CPU
		{1618A0F3-6235-4F3B-BDE6-E8BACA9C1C00}.Debug|Any CPU.Build.0 = Debug|Any CPU
		{1618A0F3-6235-4F3B-BDE6-E8BACA9C1C00}.Release|Any CPU.ActiveCfg = Release|Any CPU
		{1618A0F3-6235-4F3B-BDE6-E8BACA9C1C00}.Release|Any CPU.Build.0 = Release|Any CPU
		{F0B7B175-9DFA-4CF0-BCA7-900A439A3DF5}.Debug|Any CPU.ActiveCfg = Debug|Any CPU
		{F0B7B175-9DFA-4CF0-BCA7-900A439A3DF5}.Debug|Any CPU.Build.0 = Debug|Any CPU
		{F0B7B175-9DFA-4CF0-BCA7-900A439A3DF5}.Release|Any CPU.ActiveCfg = Release|Any CPU
		{F0B7B175-9DFA-4CF0-BCA7-900A439A3DF5}.Release|Any CPU.Build.0 = Release|Any CPU
	EndGlobalSection
	GlobalSection(SolutionProperties) = preSolution
		HideSolutionNode = FALSE
	EndGlobalSection
	GlobalSection(ExtensibilityGlobals) = postSolution
		SolutionGuid = {3B2EF48A-94EA-4E38-8744-3FA6A88EF528}
	EndGlobalSection
EndGlobal
